# THIS IS AN AUTOGENERATED FILE. DO NOT EDIT THIS FILE DIRECTLY.
# yarn lockfile v1


"@types/node@^10.3.0":
  version "10.3.0"
  resolved "http://registry.npm.taobao.org/@types/node/download/@types/node-10.3.0.tgz#078516315a84d56216b5d4fed8f75d59d3b16cac"

punycode@^2.1.0:
  version "2.1.1"
  resolved "http://registry.npm.taobao.org/punycode/download/punycode-2.1.1.tgz#b58b010ac40c22c5657616c8d2c2c02c7bf479ec"

uri-js@^4.2.2:
  version "4.2.2"
  resolved "http://r.cnpmjs.org/uri-js/download/uri-js-4.2.2.tgz#94c540e1ff772956e2299507c010aea6c8838eb0"
  dependencies:
    punycode "^2.1.0"
