# THIS IS AN AUTOGENERATED FILE. DO NOT EDIT THIS FILE DIRECTLY.
# yarn lockfile v1


"@babel/parser@^7.4.3":
  version "7.4.3"
  resolved "https://registry.npm.taobao.org/@babel/parser/download/@babel/parser-7.4.3.tgz#eb3ac80f64aa101c907d4ce5406360fe75b7895b"
  integrity sha1-6zrID2SqEByQfUzlQGNg/nW3iVs=

"@babel/types@^7.4.0":
  version "7.4.0"
  resolved "https://registry.npm.taobao.org/@babel/types/download/@babel/types-7.4.0.tgz#670724f77d24cce6cc7d8cf64599d511d164894c"
  integrity sha1-Zwck930kzObMfYz2RZnVEdFkiUw=
  dependencies:
    esutils "^2.0.2"
    lodash "^4.17.11"
    to-fast-properties "^2.0.0"

"@types/node@*", "@types/node@^11.13.7":
  version "11.13.7"
  resolved "https://registry.npm.taobao.org/@types/node/download/@types/node-11.13.7.tgz#85dbb71c510442d00c0631f99dae957ce44fd104"
  integrity sha1-hdu3HFEEQtAMBjH5na6VfORP0QQ=

"@types/resolve@^0.0.8":
  version "0.0.8"
  resolved "https://registry.npm.taobao.org/@types/resolve/download/@types/resolve-0.0.8.tgz#f26074d238e02659e323ce1a13d041eee280e194"
  integrity sha1-8mB00jjgJlnjI84aE9BB7uKA4ZQ=
  dependencies:
    "@types/node" "*"

"@types/yaml@^1.0.2":
  version "1.0.2"
  resolved "https://registry.npm.taobao.org/@types/yaml/download/@types/yaml-1.0.2.tgz#bba080d64714c6ef3eaa023e235dacd2cfa3c938"
  integrity sha1-u6CA1kcUxu8+qgI+I12s0s+jyTg=

"@yarnpkg/lockfile@^1.1.0":
  version "1.1.0"
  resolved "https://registry.npm.taobao.org/@yarnpkg/lockfile/download/@yarnpkg/lockfile-1.1.0.tgz#e77a97fbd345b76d83245edcd17d393b1b41fb31"
  integrity sha1-53qX+9NFt22DJF7c0X05OxtB+zE=

esutils@^2.0.2:
  version "2.0.2"
  resolved "http://registry.npm.taobao.org/esutils/download/esutils-2.0.2.tgz#0abf4f1caa5bcb1f7a9d8acc6dea4faaa04bac9b"
  integrity sha1-Cr9PHKpbyx96nYrMbepPqqBLrJs=

lodash@^4.17.11:
  version "4.17.11"
  resolved "https://registry.npm.taobao.org/lodash/download/lodash-4.17.11.tgz?cache=0&other_urls=https%3A%2F%2Fregistry.npm.taobao.org%2Flodash%2Fdownload%2Flodash-4.17.11.tgz#b39ea6229ef607ecd89e2c8df12536891cac9b8d"
  integrity sha1-s56mIp72B+zYniyN8SU2iRysm40=

path-parse@^1.0.6:
  version "1.0.6"
  resolved "https://registry.npm.taobao.org/path-parse/download/path-parse-1.0.6.tgz#d62dbb5679405d72c4737ec58600e9ddcf06d24c"
  integrity sha1-1i27VnlAXXLEc37FhgDp3c8G0kw=

punycode@^2.1.0:
  version "2.1.1"
  resolved "http://registry.npm.taobao.org/punycode/download/punycode-2.1.1.tgz#b58b010ac40c22c5657616c8d2c2c02c7bf479ec"
  integrity sha1-tYsBCsQMIsVldhbI0sLALHv0eew=

resolve@^1.10.1:
  version "1.10.1"
  resolved "https://registry.npm.taobao.org/resolve/download/resolve-1.10.1.tgz#664842ac960795bbe758221cdccda61fb64b5f18"
  integrity sha1-ZkhCrJYHlbvnWCIc3M2mH7ZLXxg=
  dependencies:
    path-parse "^1.0.6"

to-fast-properties@^2.0.0:
  version "2.0.0"
  resolved "http://registry.npm.taobao.org/to-fast-properties/download/to-fast-properties-2.0.0.tgz#dc5e698cbd079265bc73e0377681a4e4e83f616e"
  integrity sha1-3F5pjL0HkmW8c+A3doGk5Og/YW4=

uri-js@^4.2.2:
  version "4.2.2"
  resolved "http://r.cnpmjs.org/uri-js/download/uri-js-4.2.2.tgz#94c540e1ff772956e2299507c010aea6c8838eb0"
  integrity sha1-lMVA4f93KVbiKZUHwBCupsiDjrA=
  dependencies:
    punycode "^2.1.0"
